Microsoft Visual Studio Solution File, Format Version 12.00
# Visual Studio Version 17
VisualStudioVersion = 17.5.2.0
MinimumVisualStudioVersion = 10.0.40219.1
Project("{FAE04EC0-301F-11D3-BF4B-00C04F79EFBC}") = "QuantConnect", "QuantConnect.csproj", "{FC80F1E1-CB3E-C98D-AF3C-BC08C2A5C023}"
EndProject
Global
	GlobalSection(SolutionConfigurationPlatforms) = preSolution
		Debug|Any CPU = Debug|Any CPU
		Release|Any CPU = Release|Any CPU
	EndGlobalSection
	GlobalSection(ProjectConfigurationPlatforms) = postSolution
		{FC80F1E1-CB3E-C98D-AF3C-BC08C2A5C023}.Debug|Any CPU.ActiveCfg = Debug|Any CPU
		{FC80F1E1-CB3E-C98D-AF3C-BC08C2A5C023}.Debug|Any CPU.Build.0 = Debug|Any CPU
		{FC80F1E1-CB3E-C98D-AF3C-BC08C2A5C023}.Release|Any CPU.ActiveCfg = Release|Any CPU
		{FC80F1E1-CB3E-C98D-AF3C-BC08C2A5C023}.Release|Any CPU.Build.0 = Release|Any CPU
	EndGlobalSection
	GlobalSection(SolutionProperties) = preSolution
		HideSolutionNode = FALSE
	EndGlobalSection
	GlobalSection(ExtensibilityGlobals) = postSolution
		SolutionGuid = {502BCDA6-7360-4C89-8D1D-A42A80985D70}
	EndGlobalSection
EndGlobal
